// !$*UTF8*$!
{
	archiveVersion = 1;
	classes = {
	};
	objectVersion = 55;
	objects = {

/* Begin PBXBuildFile section */
		D897827827A41DAF00D58375 /* Chat_App_0570619App.swift in Sources */ = {isa = PBXBuildFile; fileRef = D897827727A41DAF00D58375 /* Chat_App_0570619App.swift */; };
		D897827A27A41DAF00D58375 /* ContentView.swift in Sources */ = {isa = PBXBuildFile; fileRef = D897827927A41DAF00D58375 /* ContentView.swift */; };
		D897827C27A41DAF00D58375 /* Assets.xcassets in Resources */ = {isa = PBXBuildFile; fileRef = D897827B27A41DAF00D58375 /* Assets.xcassets */; };
		D897827F27A41DAF00D58375 /* Preview Assets.xcassets in Resources */ = {isa = PBXBuildFile; fileRef = D897827E27A41DAF00D58375 /* Preview Assets.xcassets */; };
		D897828927A41DAF00D58375 /* Chat_App_0570619Tests.swift in Sources */ = {isa = PBXBuildFile; fileRef = D897828827A41DAF00D58375 /* Chat_App_0570619Tests.swift */; };
		D897829327A41DAF00D58375 /* Chat_App_0570619UITests.swift in Sources */ = {isa = PBXBuildFile; fileRef = D897829227A41DAF00D58375 /* Chat_App_0570619UITests.swift */; };
		D897829527A41DAF00D58375 /* Chat_App_0570619UITestsLaunchTests.swift in Sources */ = {isa = PBXBuildFile; fileRef = D897829427A41DAF00D58375 /* Chat_App_0570619UITestsLaunchTests.swift */; };
/* End PBXBuildFile section */

/* Begin PBXContainerItemProxy section */
		D897828527A41DAF00D58375 /* PBXContainerItemProxy */ = {
			isa = PBXContainerItemProxy;
			containerPortal = D897826C27A41DAF00D58375 /* Project object */;
			proxyType = 1;
			remoteGlobalIDString = D897827327A41DAF00D58375;
			remoteInfo = "Chat-App_0570619";
		};
		D897828F27A41DAF00D58375 /* PBXContainerItemProxy */ = {
			isa = PBXContainerItemProxy;
			containerPortal = D897826C27A41DAF00D58375 /* Project object */;
			proxyType = 1;
			remoteGlobalIDString = D897827327A41DAF00D58375;
			remoteInfo = "Chat-App_0570619";
		};
/* End PBXContainerItemProxy section */

/* Begin PBXFileReference section */
		D897827427A41DAF00D58375 /* Chat-App_0570619.app */ = {isa = PBXFileReference; explicitFileType = wrapper.application; includeInIndex = 0; path = "Chat-App_0570619.app"; sourceTree = BUILT_PRODUCTS_DIR; };
		D897827727A41DAF00D58375 /* Chat_App_0570619App.swift */ = {isa = PBXFileReference; lastKnownFileType = sourcecode.swift; path = Chat_App_0570619App.swift; sourceTree = "<group>"; };
		D897827927A41DAF00D58375 /* ContentView.swift */ = {isa = PBXFileReference; lastKnownFileType = sourcecode.swift; path = ContentView.swift; sourceTree = "<group>"; };
		D897827B27A41DAF00D58375 /* Assets.xcassets */ = {isa = PBXFileReference; lastKnownFileType = folder.assetcatalog; path = Assets.xcassets; sourceTree = "<group>"; };
		D897827E27A41DAF00D58375 /* Preview Assets.xcassets */ = {isa = PBXFileReference; lastKnownFileType = folder.assetcatalog; path = "Preview Assets.xcassets"; sourceTree = "<group>"; };
		D897828427A41DAF00D58375 /* Chat-App_0570619Tests.xctest */ = {isa = PBXFileReference; explicitFileType = wrapper.cfbundle; includeInIndex = 0; path = "Chat-App_0570619Tests.xctest"; sourceTree = BUILT_PRODUCTS_DIR; };
		D897828827A41DAF00D58375 /* Chat_App_0570619Tests.swift */ = {isa = PBXFileReference; lastKnownFileType = sourcecode.swift; path = Chat_App_0570619Tests.swift; sourceTree = "<group>"; };
		D897828E27A41DAF00D58375 /* Chat-App_0570619UITests.xctest */ = {isa = PBXFileReference; explicitFileType = wrapper.cfbundle; includeInIndex = 0; path = "Chat-App_0570619UITests.xctest"; sourceTree = BUILT_PRODUCTS_DIR; };
		D897829227A41DAF00D58375 /* Chat_App_0570619UITests.swift */ = {isa = PBXFileReference; lastKnownFileType = sourcecode.swift; path = Chat_App_0570619UITests.swift; sourceTree = "<group>"; };
		D897829427A41DAF00D58375 /* Chat_App_0570619UITestsLaunchTests.swift */ = {isa = PBXFileReference; lastKnownFileType = sourcecode.swift; path = Chat_App_0570619UITestsLaunchTests.swift; sourceTree = "<group>"; };
/* End PBXFileReference section */

/* Begin PBXFrameworksBuildPhase section */
		D897827127A41DAF00D58375 /* Frameworks */ = {
			isa = PBXFrameworksBuildPhase;
			buildActionMask = 2147483647;
			files = (
			);
			runOnlyForDeploymentPostprocessing = 0;
		};
		D897828127A41DAF00D58375 /* Frameworks */ = {
			isa = PBXFrameworksBuildPhase;
			buildActionMask = 2147483647;
			files = (
			);
			runOnlyForDeploymentPostprocessing = 0;
		};
		D897828B27A41DAF00D58375 /* Frameworks */ = {
			isa = PBXFrameworksBuildPhase;
			buildActionMask = 2147483647;
			files = (
			);
			runOnlyForDeploymentPostprocessing = 0;
		};
/* End PBXFrameworksBuildPhase section */

/* Begin PBXGroup section */
		D897826B27A41DAF00D58375 = {
			isa = PBXGroup;
			children = (
				D897827627A41DAF00D58375 /* Chat-App_0570619 */,
				D897828727A41DAF00D58375 /* Chat-App_0570619Tests */,
				D897829127A41DAF00D58375 /* Chat-App_0570619UITests */,
				D897827527A41DAF00D58375 /* Products */,
			);
			sourceTree = "<group>";
		};
		D897827527A41DAF00D58375 /* Products */ = {
			isa = PBXGroup;
			children = (
				D897827427A41DAF00D58375 /* Chat-App_0570619.app */,
				D897828427A41DAF00D58375 /* Chat-App_0570619Tests.xctest */,
				D897828E27A41DAF00D58375 /* Chat-App_0570619UITests.xctest */,
			);
			name = Products;
			sourceTree = "<group>";
		};
		D897827627A41DAF00D58375 /* Chat-App_0570619 */ = {
			isa = PBXGroup;
			children = (
				D897827727A41DAF00D58375 /* Chat_App_0570619App.swift */,
				D897827927A41DAF00D58375 /* ContentView.swift */,
				D897827B27A41DAF00D58375 /* Assets.xcassets */,
				D897827D27A41DAF00D58375 /* Preview Content */,
			);
			path = "Chat-App_0570619";
			sourceTree = "<group>";
		};
		D897827D27A41DAF00D58375 /* Preview Content */ = {
			isa = PBXGroup;
			children = (
				D897827E27A41DAF00D58375 /* Preview Assets.xcassets */,
			);
			path = "Preview Content";
			sourceTree = "<group>";
		};
		D897828727A41DAF00D58375 /* Chat-App_0570619Tests */ = {
			isa = PBXGroup;
			children = (
				D897828827A41DAF00D58375 /* Chat_App_0570619Tests.swift */,
			);
			path = "Chat-App_0570619Tests";
			sourceTree = "<group>";
		};
		D897829127A41DAF00D58375 /* Chat-App_0570619UITests */ = {
			isa = PBXGroup;
			children = (
				D897829227A41DAF00D58375 /* Chat_App_0570619UITests.swift */,
				D897829427A41DAF00D58375 /* Chat_App_0570619UITestsLaunchTests.swift */,
			);
			path = "Chat-App_0570619UITests";
			sourceTree = "<group>";
		};
/* End PBXGroup section */

/* Begin PBXNativeTarget section */
		D897827327A41DAF00D58375 /* Chat-App_0570619 */ = {
			isa = PBXNativeTarget;
			buildConfigurationList = D897829827A41DAF00D58375 /* Build configuration list for PBXNativeTarget "Chat-App_0570619" */;
			buildPhases = (
				D897827027A41DAF00D58375 /* Sources */,
				D897827127A41DAF00D58375 /* Frameworks */,
				D897827227A41DAF00D58375 /* Resources */,
			);
			buildRules = (
			);
			dependencies = (
			);
			name = "Chat-App_0570619";
			productName = "Chat-App_0570619";
			productReference = D897827427A41DAF00D58375 /* Chat-App_0570619.app */;
			productType = "com.apple.product-type.application";
		};
		D897828327A41DAF00D58375 /* Chat-App_0570619Tests */ = {
			isa = PBXNativeTarget;
			buildConfigurationList = D897829B27A41DAF00D58375 /* Build configuration list for PBXNativeTarget "Chat-App_0570619Tests" */;
			buildPhases = (
				D897828027A41DAF00D58375 /* Sources */,
				D897828127A41DAF00D58375 /* Frameworks */,
				D897828227A41DAF00D58375 /* Resources */,
			);
			buildRules = (
			);
			dependencies = (
				D897828627A41DAF00D58375 /* PBXTargetDependency */,
			);
			name = "Chat-App_0570619Tests";
			productName = "Chat-App_0570619Tests";
			productReference = D897828427A41DAF00D58375 /* Chat-App_0570619Tests.xctest */;
			productType = "com.apple.product-type.bundle.unit-test";
		};
		D897828D27A41DAF00D58375 /* Chat-App_0570619UITests */ = {
			isa = PBXNativeTarget;
			buildConfigurationList = D897829E27A41DAF00D58375 /* Build configuration list for PBXNativeTarget "Chat-App_0570619UITests" */;
			buildPhases = (
				D897828A27A41DAF00D58375 /* Sources */,
				D897828B27A41DAF00D58375 /* Frameworks */,
				D897828C27A41DAF00D58375 /* Resources */,
			);
			buildRules = (
			);
			dependencies = (
				D897829027A41DAF00D58375 /* PBXTargetDependency */,
			);
			name = "Chat-App_0570619UITests";
			productName = "Chat-App_0570619UITests";
			productReference = D897828E27A41DAF00D58375 /* Chat-App_0570619UITests.xctest */;
			productType = "com.apple.product-type.bundle.ui-testing";
		};
/* End PBXNativeTarget section */

/* Begin PBXProject section */
		D897826C27A41DAF00D58375 /* Project object */ = {
			isa = PBXProject;
			attributes = {
				BuildIndependentTargetsInParallel = 1;
				LastSwiftUpdateCheck = 1320;
				LastUpgradeCheck = 1320;
				TargetAttributes = {
					D897827327A41DAF00D58375 = {
						CreatedOnToolsVersion = 13.2.1;
					};
					D897828327A41DAF00D58375 = {
						CreatedOnToolsVersion = 13.2.1;
						TestTargetID = D897827327A41DAF00D58375;
					};
					D897828D27A41DAF00D58375 = {
						CreatedOnToolsVersion = 13.2.1;
						TestTargetID = D897827327A41DAF00D58375;
					};
				};
			};
			buildConfigurationList = D897826F27A41DAF00D58375 /* Build configuration list for PBXProject "Chat-App_0570619" */;
			compatibilityVersion = "Xcode 13.0";
			developmentRegion = en;
			hasScannedForEncodings = 0;
			knownRegions = (
				en,
				Base,
			);
			mainGroup = D897826B27A41DAF00D58375;
			productRefGroup = D897827527A41DAF00D58375 /* Products */;
			projectDirPath = "";
			projectRoot = "";
			targets = (
				D897827327A41DAF00D58375 /* Chat-App_0570619 */,
				D897828327A41DAF00D58375 /* Chat-App_0570619Tests */,
				D897828D27A41DAF00D58375 /* Chat-App_0570619UITests */,
			);
		};
/* End PBXProject section */

/* Begin PBXResourcesBuildPhase section */
		D897827227A41DAF00D58375 /* Resources */ = {
			isa = PBXResourcesBuildPhase;
			buildActionMask = 2147483647;
			files = (
				D897827F27A41DAF00D58375 /* Preview Assets.xcassets in Resources */,
				D897827C27A41DAF00D58375 /* Assets.xcassets in Resources */,
			);
			runOnlyForDeploymentPostprocessing = 0;
		};
		D897828227A41DAF00D58375 /* Resources */ = {
			isa = PBXResourcesBuildPhase;
			buildActionMask = 2147483647;
			files = (
			);
			runOnlyForDeploymentPostprocessing = 0;
		};
		D897828C27A41DAF00D58375 /* Resources */ = {
			isa = PBXResourcesBuildPhase;
			buildActionMask = 2147483647;
			files = (
			);
			runOnlyForDeploymentPostprocessing = 0;
		};
/* End PBXResourcesBuildPhase section */

/* Begin PBXSourcesBuildPhase section */
		D897827027A41DAF00D58375 /* Sources */ = {
			isa = PBXSourcesBuildPhase;
			buildActionMask = 2147483647;
			files = (
				D897827A27A41DAF00D58375 /* ContentView.swift in Sources */,
				D897827827A41DAF00D58375 /* Chat_App_0570619App.swift in Sources */,
			);
			runOnlyForDeploymentPostprocessing = 0;
		};
		D897828027A41DAF00D58375 /* Sources */ = {
			isa = PBXSourcesBuildPhase;
			buildActionMask = 2147483647;
			files = (
				D897828927A41DAF00D58375 /* Chat_App_0570619Tests.swift in Sources */,
			);
			runOnlyForDeploymentPostprocessing = 0;
		};
		D897828A27A41DAF00D58375 /* Sources */ = {
			isa = PBXSourcesBuildPhase;
			buildActionMask = 2147483647;
			files = (
				D897829327A41DAF00D58375 /* Chat_App_0570619UITests.swift in Sources */,
				D897829527A41DAF00D58375 /* Chat_App_0570619UITestsLaunchTests.swift in Sources */,
			);
			runOnlyForDeploymentPostprocessing = 0;
		};
/* End PBXSourcesBuildPhase section */

/* Begin PBXTargetDependency section */
		D897828627A41DAF00D58375 /* PBXTargetDependency */ = {
			isa = PBXTargetDependency;
			target = D897827327A41DAF00D58375 /* Chat-App_0570619 */;
			targetProxy = D897828527A41DAF00D58375 /* PBXContainerItemProxy */;
		};
		D897829027A41DAF00D58375 /* PBXTargetDependency */ = {
			isa = PBXTargetDependency;
			target = D897827327A41DAF00D58375 /* Chat-App_0570619 */;
			targetProxy = D897828F27A41DAF00D58375 /* PBXContainerItemProxy */;
		};
/* End PBXTargetDependency section */

/* Begin XCBuildConfiguration section */
		D897829627A41DAF00D58375 /* Debug */ = {
			isa = XCBuildConfiguration;
			buildSettings = {
				ALWAYS_SEARCH_USER_PATHS = NO;
				CLANG_ANALYZER_NONNULL = YES;
				CLANG_ANALYZER_NUMBER_OBJECT_CONVERSION = YES_AGGRESSIVE;
				CLANG_CXX_LANGUAGE_STANDARD = "gnu++17";
				CLANG_CXX_LIBRARY = "libc++";
				CLANG_ENABLE_MODULES = YES;
				CLANG_ENABLE_OBJC_ARC = YES;
				CLANG_ENABLE_OBJC_WEAK = YES;
				CLANG_WARN_BLOCK_CAPTURE_AUTORELEASING = YES;
				CLANG_WARN_BOOL_CONVERSION = YES;
				CLANG_WARN_COMMA = YES;
				CLANG_WARN_CONSTANT_CONVERSION = YES;
				CLANG_WARN_DEPRECATED_OBJC_IMPLEMENTATIONS = YES;
				CLANG_WARN_DIRECT_OBJC_ISA_USAGE = YES_ERROR;
				CLANG_WARN_DOCUMENTATION_COMMENTS = YES;
				CLANG_WARN_EMPTY_BODY = YES;
				CLANG_WARN_ENUM_CONVERSION = YES;
				CLANG_WARN_INFINITE_RECURSION = YES;
				CLANG_WARN_INT_CONVERSION = YES;
				CLANG_WARN_NON_LITERAL_NULL_CONVERSION = YES;
				CLANG_WARN_OBJC_IMPLICIT_RETAIN_SELF = YES;
				CLANG_WARN_OBJC_LITERAL_CONVERSION = YES;
				CLANG_WARN_OBJC_ROOT_CLASS = YES_ERROR;
				CLANG_WARN_QUOTED_INCLUDE_IN_FRAMEWORK_HEADER = YES;
				CLANG_WARN_RANGE_LOOP_ANALYSIS = YES;
				CLANG_WARN_STRICT_PROTOTYPES = YES;
				CLANG_WARN_SUSPICIOUS_MOVE = YES;
				CLANG_WARN_UNGUARDED_AVAILABILITY = YES_AGGRESSIVE;
				CLANG_WARN_UNREACHABLE_CODE = YES;
				CLANG_WARN__DUPLICATE_METHOD_MATCH = YES;
				COPY_PHASE_STRIP = NO;
				DEBUG_INFORMATION_FORMAT = dwarf;
				ENABLE_STRICT_OBJC_MSGSEND = YES;
				ENABLE_TESTABILITY = YES;
				GCC_C_LANGUAGE_STANDARD = gnu11;
				GCC_DYNAMIC_NO_PIC = NO;
				GCC_NO_COMMON_BLOCKS = YES;
				GCC_OPTIMIZATION_LEVEL = 0;
				GCC_PREPROCESSOR_DEFINITIONS = (
					"DEBUG=1",
					"$(inherited)",
				);
				GCC_WARN_64_TO_32_BIT_CONVERSION = YES;
				GCC_WARN_ABOUT_RETURN_TYPE = YES_ERROR;
				GCC_WARN_UNDECLARED_SELECTOR = YES;
				GCC_WARN_UNINITIALIZED_AUTOS = YES_AGGRESSIVE;
				GCC_WARN_UNUSED_FUNCTION = YES;
				GCC_WARN_UNUSED_VARIABLE = YES;
				IPHONEOS_DEPLOYMENT_TARGET = 15.2;
				MTL_ENABLE_DEBUG_INFO = INCLUDE_SOURCE;
				MTL_FAST_MATH = YES;
				ONLY_ACTIVE_ARCH = YES;
				SDKROOT = iphoneos;
				SWIFT_ACTIVE_COMPILATION_CONDITIONS = DEBUG;
				SWIFT_OPTIMIZATION_LEVEL = "-Onone";
			};
			name = Debug;
		};
		D897829727A41DAF00D58375 /* Release */ = {
			isa = XCBuildConfiguration;
			buildSettings = {
				ALWAYS_SEARCH_USER_PATHS = NO;
				CLANG_ANALYZER_NONNULL = YES;
				CLANG_ANALYZER_NUMBER_OBJECT_CONVERSION = YES_AGGRESSIVE;
				CLANG_CXX_LANGUAGE_STANDARD = "gnu++17";
				CLANG_CXX_LIBRARY = "libc++";
				CLANG_ENABLE_MODULES = YES;
				CLANG_ENABLE_OBJC_ARC = YES;
				CLANG_ENABLE_OBJC_WEAK = YES;
				CLANG_WARN_BLOCK_CAPTURE_AUTORELEASING = YES;
				CLANG_WARN_BOOL_CONVERSION = YES;
				CLANG_WARN_COMMA = YES;
				CLANG_WARN_CONSTANT_CONVERSION = YES;
				CLANG_WARN_DEPRECATED_OBJC_IMPLEMENTATIONS = YES;
				CLANG_WARN_DIRECT_OBJC_ISA_USAGE = YES_ERROR;
				CLANG_WARN_DOCUMENTATION_COMMENTS = YES;
				CLANG_WARN_EMPTY_BODY = YES;
				CLANG_WARN_ENUM_CONVERSION = YES;
				CLANG_WARN_INFINITE_RECURSION = YES;
				CLANG_WARN_INT_CONVERSION = YES;
				CLANG_WARN_NON_LITERAL_NULL_CONVERSION = YES;
				CLANG_WARN_OBJC_IMPLICIT_RETAIN_SELF = YES;
				CLANG_WARN_OBJC_LITERAL_CONVERSION = YES;
				CLANG_WARN_OBJC_ROOT_CLASS = YES_ERROR;
				CLANG_WARN_QUOTED_INCLUDE_IN_FRAMEWORK_HEADER = YES;
				CLANG_WARN_RANGE_LOOP_ANALYSIS = YES;
				CLANG_WARN_STRICT_PROTOTYPES = YES;
				CLANG_WARN_SUSPICIOUS_MOVE = YES;
				CLANG_WARN_UNGUARDED_AVAILABILITY = YES_AGGRESSIVE;
				CLANG_WARN_UNREACHABLE_CODE = YES;
				CLANG_WARN__DUPLICATE_METHOD_MATCH = YES;
				COPY_PHASE_STRIP = NO;
				DEBUG_INFORMATION_FORMAT = "dwarf-with-dsym";
				ENABLE_NS_ASSERTIONS = NO;
				ENABLE_STRICT_OBJC_MSGSEND = YES;
				GCC_C_LANGUAGE_STANDARD = gnu11;
				GCC_NO_COMMON_BLOCKS = YES;
				GCC_WARN_64_TO_32_BIT_CONVERSION = YES;
				GCC_WARN_ABOUT_RETURN_TYPE = YES_ERROR;
				GCC_WARN_UNDECLARED_SELECTOR = YES;
				GCC_WARN_UNINITIALIZED_AUTOS = YES_AGGRESSIVE;
				GCC_WARN_UNUSED_FUNCTION = YES;
				GCC_WARN_UNUSED_VARIABLE = YES;
				IPHONEOS_DEPLOYMENT_TARGET = 15.2;
				MTL_ENABLE_DEBUG_INFO = NO;
				MTL_FAST_MATH = YES;
				SDKROOT = iphoneos;
				SWIFT_COMPILATION_MODE = wholemodule;
				SWIFT_OPTIMIZATION_LEVEL = "-O";
				VALIDATE_PRODUCT = YES;
			};
			name = Release;
		};
		D897829927A41DAF00D58375 /* Debug */ = {
			isa = XCBuildConfiguration;
			buildSettings = {
				ASSETCATALOG_COMPILER_APPICON_NAME = AppIcon;
				ASSETCATALOG_COMPILER_GLOBAL_ACCENT_COLOR_NAME = AccentColor;
				CODE_SIGN_STYLE = Automatic;
				CURRENT_PROJECT_VERSION = 1;
				DEVELOPMENT_ASSET_PATHS = "\"Chat-App_0570619/Preview Content\"";
				ENABLE_PREVIEWS = YES;
				GENERATE_INFOPLIST_FILE = YES;
				INFOPLIST_KEY_UIApplicationSceneManifest_Generation = YES;
				INFOPLIST_KEY_UIApplicationSupportsIndirectInputEvents = YES;
				INFOPLIST_KEY_UILaunchScreen_Generation = YES;
				INFOPLIST_KEY_UISupportedInterfaceOrientations_iPad = "UIInterfaceOrientationPortrait UIInterfaceOrientationPortraitUpsideDown UIInterfaceOrientationLandscapeLeft UIInterfaceOrientationLandscapeRight";
				INFOPLIST_KEY_UISupportedInterfaceOrientations_iPhone = "UIInterfaceOrientationPortrait UIInterfaceOrientationLandscapeLeft UIInterfaceOrientationLandscapeRight";
				LD_RUNPATH_SEARCH_PATHS = (
					"$(inherited)",
					"@executable_path/Frameworks",
				);
				MARKETING_VERSION = 1.0;
				PRODUCT_BUNDLE_IDENTIFIER = "h.Chat-App-0570619";
				PRODUCT_NAME = "$(TARGET_NAME)";
				SWIFT_EMIT_LOC_STRINGS = YES;
				SWIFT_VERSION = 5.0;
				TARGETED_DEVICE_FAMILY = "1,2";
			};
			name = Debug;
		};
		D897829A27A41DAF00D58375 /* Release */ = {
			isa = XCBuildConfiguration;
			buildSettings = {
				ASSETCATALOG_COMPILER_APPICON_NAME = AppIcon;
				ASSETCATALOG_COMPILER_GLOBAL_ACCENT_COLOR_NAME = AccentColor;
				CODE_SIGN_STYLE = Automatic;
				CURRENT_PROJECT_VERSION = 1;
				DEVELOPMENT_ASSET_PATHS = "\"Chat-App_0570619/Preview Content\"";
				ENABLE_PREVIEWS = YES;
				GENERATE_INFOPLIST_FILE = YES;
				INFOPLIST_KEY_UIApplicationSceneManifest_Generation = YES;
				INFOPLIST_KEY_UIApplicationSupportsIndirectInputEvents = YES;
				INFOPLIST_KEY_UILaunchScreen_Generation = YES;
				INFOPLIST_KEY_UISupportedInterfaceOrientations_iPad = "UIInterfaceOrientationPortrait UIInterfaceOrientationPortraitUpsideDown UIInterfaceOrientationLandscapeLeft UIInterfaceOrientationLandscapeRight";
				INFOPLIST_KEY_UISupportedInterfaceOrientations_iPhone = "UIInterfaceOrientationPortrait UIInterfaceOrientationLandscapeLeft UIInterfaceOrientationLandscapeRight";
				LD_RUNPATH_SEARCH_PATHS = (
					"$(inherited)",
					"@executable_path/Frameworks",
				);
				MARKETING_VERSION = 1.0;
				PRODUCT_BUNDLE_IDENTIFIER = "h.Chat-App-0570619";
				PRODUCT_NAME = "$(TARGET_NAME)";
				SWIFT_EMIT_LOC_STRINGS = YES;
				SWIFT_VERSION = 5.0;
				TARGETED_DEVICE_FAMILY = "1,2";
			};
			name = Release;
		};
		D897829C27A41DAF00D58375 /* Debug */ = {
			isa = XCBuildConfiguration;
			buildSettings = {
				ALWAYS_EMBED_SWIFT_STANDARD_LIBRARIES = YES;
				BUNDLE_LOADER = "$(TEST_HOST)";
				CODE_SIGN_STYLE = Automatic;
				CURRENT_PROJECT_VERSION = 1;
				GENERATE_INFOPLIST_FILE = YES;
				IPHONEOS_DEPLOYMENT_TARGET = 15.2;
				MARKETING_VERSION = 1.0;
				PRODUCT_BUNDLE_IDENTIFIER = "h.Chat-App-0570619Tests";
				PRODUCT_NAME = "$(TARGET_NAME)";
				SWIFT_EMIT_LOC_STRINGS = NO;
				SWIFT_VERSION = 5.0;
				TARGETED_DEVICE_FAMILY = "1,2";
				TEST_HOST = "$(BUILT_PRODUCTS_DIR)/Chat-App_0570619.app/Chat-App_0570619";
			};
			name = Debug;
		};
		D897829D27A41DAF00D58375 /* Release */ = {
			isa = XCBuildConfiguration;
			buildSettings = {
				ALWAYS_EMBED_SWIFT_STANDARD_LIBRARIES = YES;
				BUNDLE_LOADER = "$(TEST_HOST)";
				CODE_SIGN_STYLE = Automatic;
				CURRENT_PROJECT_VERSION = 1;
				GENERATE_INFOPLIST_FILE = YES;
				IPHONEOS_DEPLOYMENT_TARGET = 15.2;
				MARKETING_VERSION = 1.0;
				PRODUCT_BUNDLE_IDENTIFIER = "h.Chat-App-0570619Tests";
				PRODUCT_NAME = "$(TARGET_NAME)";
				SWIFT_EMIT_LOC_STRINGS = NO;
				SWIFT_VERSION = 5.0;
				TARGETED_DEVICE_FAMILY = "1,2";
				TEST_HOST = "$(BUILT_PRODUCTS_DIR)/Chat-App_0570619.app/Chat-App_0570619";
			};
			name = Release;
		};
		D897829F27A41DAF00D58375 /* Debug */ = {
			isa = XCBuildConfiguration;
			buildSettings = {
				ALWAYS_EMBED_SWIFT_STANDARD_LIBRARIES = YES;
				CODE_SIGN_STYLE = Automatic;
				CURRENT_PROJECT_VERSION = 1;
				GENERATE_INFOPLIST_FILE = YES;
				MARKETING_VERSION = 1.0;
				PRODUCT_BUNDLE_IDENTIFIER = "h.Chat-App-0570619UITests";
				PRODUCT_NAME = "$(TARGET_NAME)";
				SWIFT_EMIT_LOC_STRINGS = NO;
				SWIFT_VERSION = 5.0;
				TARGETED_DEVICE_FAMILY = "1,2";
				TEST_TARGET_NAME = "Chat-App_0570619";
			};
			name = Debug;
		};
		D89782A027A41DAF00D58375 /* Release */ = {
			isa = XCBuildConfiguration;
			buildSettings = {
				ALWAYS_EMBED_SWIFT_STANDARD_LIBRARIES = YES;
				CODE_SIGN_STYLE = Automatic;
				CURRENT_PROJECT_VERSION = 1;
				GENERATE_INFOPLIST_FILE = YES;
				MARKETING_VERSION = 1.0;
				PRODUCT_BUNDLE_IDENTIFIER = "h.Chat-App-0570619UITests";
				PRODUCT_NAME = "$(TARGET_NAME)";
				SWIFT_EMIT_LOC_STRINGS = NO;
				SWIFT_VERSION = 5.0;
				TARGETED_DEVICE_FAMILY = "1,2";
				TEST_TARGET_NAME = "Chat-App_0570619";
			};
			name = Release;
		};
/* End XCBuildConfiguration section */

/* Begin XCConfigurationList section */
		D897826F27A41DAF00D58375 /* Build configuration list for PBXProject "Chat-App_0570619" */ = {
			isa = XCConfigurationList;
			buildConfigurations = (
				D897829627A41DAF00D58375 /* Debug */,
				D897829727A41DAF00D58375 /* Release */,
			);
			defaultConfigurationIsVisible = 0;
			defaultConfigurationName = Release;
		};
		D897829827A41DAF00D58375 /* Build configuration list for PBXNativeTarget "Chat-App_0570619" */ = {
			isa = XCConfigurationList;
			buildConfigurations = (
				D897829927A41DAF00D58375 /* Debug */,
				D897829A27A41DAF00D58375 /* Release */,
			);
			defaultConfigurationIsVisible = 0;
			defaultConfigurationName = Release;
		};
		D897829B27A41DAF00D58375 /* Build configuration list for PBXNativeTarget "Chat-App_0570619Tests" */ = {
			isa = XCConfigurationList;
			buildConfigurations = (
				D897829C27A41DAF00D58375 /* Debug */,
				D897829D27A41DAF00D58375 /* Release */,
			);
			defaultConfigurationIsVisible = 0;
			defaultConfigurationName = Release;
		};
		D897829E27A41DAF00D58375 /* Build configuration list for PBXNativeTarget "Chat-App_0570619UITests" */ = {
			isa = XCConfigurationList;
			buildConfigurations = (
				D897829F27A41DAF00D58375 /* Debug */,
				D89782A027A41DAF00D58375 /* Release */,
			);
			defaultConfigurationIsVisible = 0;
			defaultConfigurationName = Release;
		};
/* End XCConfigurationList section */
	};
	rootObject = D897826C27A41DAF00D58375 /* Project object */;
}
